
Microsoft Visual Studio Solution File, Format Version 12.00
# Visual Studio 14
VisualStudioVersion = 14.0.24720.0
MinimumVisualStudioVersion = 10.0.40219.1
Project("{FAE04EC0-301F-11D3-BF4B-00C04F79EFBC}") = "E24", "E24\E24.csproj", "{DD8C0F23-C231-45DE-B546-E0A706A0E07A}"
EndProject
Project("{FAE04EC0-301F-11D3-BF4B-00C04F79EFBC}") = "EscalasTemperatrura", "EscalasTemperatrura\EscalasTemperatrura.csproj", "{B614264D-41AF-4C45-BB80-9A34100B3AFC}"
EndProject
Global
	GlobalSection(SolutionConfigurationPlatforms) = preSolution
		Debug|Any CPU = Debug|Any CPU
		Release|Any CPU = Release|Any CPU
	EndGlobalSection
	GlobalSection(ProjectConfigurationPlatforms) = postSolution
		{DD8C0F23-C231-45DE-B546-E0A706A0E07A}.Debug|Any CPU.ActiveCfg = Debug|Any CPU
		{DD8C0F23-C231-45DE-B546-E0A706A0E07A}.Debug|Any CPU.Build.0 = Debug|Any CPU
		{DD8C0F23-C231-45DE-B546-E0A706A0E07A}.Release|Any CPU.ActiveCfg = Release|Any CPU
		{DD8C0F23-C231-45DE-B546-E0A706A0E07A}.Release|Any CPU.Build.0 = Release|Any CPU
		{B614264D-41AF-4C45-BB80-9A34100B3AFC}.Debug|Any CPU.ActiveCfg = Debug|Any CPU
		{B614264D-41AF-4C45-BB80-9A34100B3AFC}.Debug|Any CPU.Build.0 = Debug|Any CPU
		{B614264D-41AF-4C45-BB80-9A34100B3AFC}.Release|Any CPU.ActiveCfg = Release|Any CPU
		{B614264D-41AF-4C45-BB80-9A34100B3AFC}.Release|Any CPU.Build.0 = Release|Any CPU
	EndGlobalSection
	GlobalSection(SolutionProperties) = preSolution
		HideSolutionNode = FALSE
	EndGlobalSection
EndGlobal
