
Microsoft Visual Studio Solution File, Format Version 12.00
# Visual Studio 14
VisualStudioVersion = 14.0.24720.0
MinimumVisualStudioVersion = 10.0.40219.1
Project("{FAE04EC0-301F-11D3-BF4B-00C04F79EFBC}") = "E23", "E23\E23.csproj", "{6A3018BE-607F-4BD6-ACF6-3E97A6C99CF7}"
EndProject
Project("{FAE04EC0-301F-11D3-BF4B-00C04F79EFBC}") = "Monedas", "Monedas\Monedas.csproj", "{2237B940-2AD6-4946-B048-5DB1B244B505}"
EndProject
Global
	GlobalSection(SolutionConfigurationPlatforms) = preSolution
		Debug|Any CPU = Debug|Any CPU
		Release|Any CPU = Release|Any CPU
	EndGlobalSection
	GlobalSection(ProjectConfigurationPlatforms) = postSolution
		{6A3018BE-607F-4BD6-ACF6-3E97A6C99CF7}.Debug|Any CPU.ActiveCfg = Debug|Any CPU
		{6A3018BE-607F-4BD6-ACF6-3E97A6C99CF7}.Debug|Any CPU.Build.0 = Debug|Any CPU
		{6A3018BE-607F-4BD6-ACF6-3E97A6C99CF7}.Release|Any CPU.ActiveCfg = Release|Any CPU
		{6A3018BE-607F-4BD6-ACF6-3E97A6C99CF7}.Release|Any CPU.Build.0 = Release|Any CPU
		{2237B940-2AD6-4946-B048-5DB1B244B505}.Debug|Any CPU.ActiveCfg = Debug|Any CPU
		{2237B940-2AD6-4946-B048-5DB1B244B505}.Debug|Any CPU.Build.0 = Debug|Any CPU
		{2237B940-2AD6-4946-B048-5DB1B244B505}.Release|Any CPU.ActiveCfg = Release|Any CPU
		{2237B940-2AD6-4946-B048-5DB1B244B505}.Release|Any CPU.Build.0 = Release|Any CPU
	EndGlobalSection
	GlobalSection(SolutionProperties) = preSolution
		HideSolutionNode = FALSE
	EndGlobalSection
EndGlobal
